// !$*UTF8*$!
{
	archiveVersion = 1;
	classes = {
	};
	objectVersion = 48;
	objects = {

/* Begin PBXBuildFile section */
		63BF3E251FA08B5000C9E054 /* ArenaShareSDK.framework in Frameworks */ = {isa = PBXBuildFile; fileRef = 63BF3E1B1FA08B5000C9E054 /* ArenaShareSDK.framework */; };
		63BF3E2A1FA08B5000C9E054 /* ArenaShareSDKTests.m in Sources */ = {isa = PBXBuildFile; fileRef = 63BF3E291FA08B5000C9E054 /* ArenaShareSDKTests.m */; };
		63BF3E2C1FA08B5000C9E054 /* ArenaShareSDK.h in Headers */ = {isa = PBXBuildFile; fileRef = 63BF3E1E1FA08B5000C9E054 /* ArenaShareSDK.h */; settings = {ATTRIBUTES = (Public, ); }; };
		63BF3E541FA08DB300C9E054 /* libsqlite3.tbd in Frameworks */ = {isa = PBXBuildFile; fileRef = 63BF3E531FA08DB300C9E054 /* libsqlite3.tbd */; };
		63BF3E561FA08DBB00C9E054 /* CoreGraphics.framework in Frameworks */ = {isa = PBXBuildFile; fileRef = 63BF3E551FA08DBB00C9E054 /* CoreGraphics.framework */; };
		63BF3E581FA08DC700C9E054 /* SystemConfiguration.framework in Frameworks */ = {isa = PBXBuildFile; fileRef = 63BF3E571FA08DC700C9E054 /* SystemConfiguration.framework */; };
		63BF3E5A1FA08DD100C9E054 /* CoreTelephony.framework in Frameworks */ = {isa = PBXBuildFile; fileRef = 63BF3E591FA08DD100C9E054 /* CoreTelephony.framework */; };
		63BF3E5C1FA08DF000C9E054 /* libc++.tbd in Frameworks */ = {isa = PBXBuildFile; fileRef = 63BF3E5B1FA08DF000C9E054 /* libc++.tbd */; };
		63BF3E5E1FA08DF800C9E054 /* libz.tbd in Frameworks */ = {isa = PBXBuildFile; fileRef = 63BF3E5D1FA08DF800C9E054 /* libz.tbd */; };
		63BF3E611FA08E2000C9E054 /* Share.h in Headers */ = {isa = PBXBuildFile; fileRef = 63BF3E5F1FA08E2000C9E054 /* Share.h */; settings = {ATTRIBUTES = (Public, ); }; };
		63BF3E621FA08E2000C9E054 /* Share.m in Sources */ = {isa = PBXBuildFile; fileRef = 63BF3E601FA08E2000C9E054 /* Share.m */; };
		63BF3E801FA08E7700C9E054 /* libSocialQQ.a in Frameworks */ = {isa = PBXBuildFile; fileRef = 63BF3E661FA08E7700C9E054 /* libSocialQQ.a */; };
		63BF3E811FA08E7700C9E054 /* TencentOpenAPI.framework in Frameworks */ = {isa = PBXBuildFile; fileRef = 63BF3E681FA08E7700C9E054 /* TencentOpenAPI.framework */; };
		63BF3E821FA08E7700C9E054 /* TencentOpenApi_IOS_Bundle.bundle in Resources */ = {isa = PBXBuildFile; fileRef = 63BF3E691FA08E7700C9E054 /* TencentOpenApi_IOS_Bundle.bundle */; };
		63BF3E831FA08E7700C9E054 /* UMSocialQQHandler.h in Headers */ = {isa = PBXBuildFile; fileRef = 63BF3E6A1FA08E7700C9E054 /* UMSocialQQHandler.h */; };
		63BF3E841FA08E7700C9E054 /* libSocialUniqueId.a in Frameworks */ = {isa = PBXBuildFile; fileRef = 63BF3E6C1FA08E7700C9E054 /* libSocialUniqueId.a */; };
		63BF3E851FA08E7700C9E054 /* UMSocialUniqueIdHandler.h in Headers */ = {isa = PBXBuildFile; fileRef = 63BF3E6D1FA08E7700C9E054 /* UMSocialUniqueIdHandler.h */; };
		63BF3E861FA08E7700C9E054 /* libSocialWeChat.a in Frameworks */ = {isa = PBXBuildFile; fileRef = 63BF3E6F1FA08E7700C9E054 /* libSocialWeChat.a */; };
		63BF3E871FA08E7700C9E054 /* UMSocialWechatHandler.h in Headers */ = {isa = PBXBuildFile; fileRef = 63BF3E701FA08E7700C9E054 /* UMSocialWechatHandler.h */; };
		63BF3E881FA08E7700C9E054 /* libWeChatSDK.a in Frameworks */ = {isa = PBXBuildFile; fileRef = 63BF3E721FA08E7700C9E054 /* libWeChatSDK.a */; };
		63BF3E891FA08E7700C9E054 /* README.txt in Resources */ = {isa = PBXBuildFile; fileRef = 63BF3E731FA08E7700C9E054 /* README.txt */; };
		63BF3E8A1FA08E7700C9E054 /* WechatAuthSDK.h in Headers */ = {isa = PBXBuildFile; fileRef = 63BF3E741FA08E7700C9E054 /* WechatAuthSDK.h */; };
		63BF3E8B1FA08E7700C9E054 /* WXApi.h in Headers */ = {isa = PBXBuildFile; fileRef = 63BF3E751FA08E7700C9E054 /* WXApi.h */; };
		63BF3E8C1FA08E7700C9E054 /* WXApiObject.h in Headers */ = {isa = PBXBuildFile; fileRef = 63BF3E761FA08E7700C9E054 /* WXApiObject.h */; };
		63BF3E8D1FA08E7700C9E054 /* UMSocialCore.framework in Frameworks */ = {isa = PBXBuildFile; fileRef = 63BF3E781FA08E7700C9E054 /* UMSocialCore.framework */; };
		63BF3E8E1FA08E7700C9E054 /* UMSocialNetwork.framework in Frameworks */ = {isa = PBXBuildFile; fileRef = 63BF3E791FA08E7700C9E054 /* UMSocialNetwork.framework */; };
		63BF3E8F1FA08E7700C9E054 /* UMSocialSDKPromptResources.bundle in Resources */ = {isa = PBXBuildFile; fileRef = 63BF3E7A1FA08E7700C9E054 /* UMSocialSDKPromptResources.bundle */; };
		63BF3E901FA08E7700C9E054 /* libUMSocialLog.a in Frameworks */ = {isa = PBXBuildFile; fileRef = 63BF3E7C1FA08E7700C9E054 /* libUMSocialLog.a */; };
		63BF3E911FA08E7700C9E054 /* UMSocialSDKResources.bundle in Resources */ = {isa = PBXBuildFile; fileRef = 63BF3E7E1FA08E7700C9E054 /* UMSocialSDKResources.bundle */; };
		63BF3E921FA08E7700C9E054 /* UShareUI.framework in Frameworks */ = {isa = PBXBuildFile; fileRef = 63BF3E7F1FA08E7700C9E054 /* UShareUI.framework */; };
		63BF3EA11FA0975000C9E054 /* UIViewController+CurrentViewController.h in Headers */ = {isa = PBXBuildFile; fileRef = 63BF3E9F1FA0975000C9E054 /* UIViewController+CurrentViewController.h */; };
		63BF3EA21FA0975000C9E054 /* UIViewController+CurrentViewController.m in Sources */ = {isa = PBXBuildFile; fileRef = 63BF3EA01FA0975000C9E054 /* UIViewController+CurrentViewController.m */; };
/* End PBXBuildFile section */

/* Begin PBXContainerItemProxy section */
		63BF3E261FA08B5000C9E054 /* PBXContainerItemProxy */ = {
			isa = PBXContainerItemProxy;
			containerPortal = 63BF3E121FA08B4F00C9E054 /* Project object */;
			proxyType = 1;
			remoteGlobalIDString = 63BF3E1A1FA08B5000C9E054;
			remoteInfo = ArenaShareSDK;
		};
/* End PBXContainerItemProxy section */

/* Begin PBXFileReference section */
		63BF3E1B1FA08B5000C9E054 /* ArenaShareSDK.framework */ = {isa = PBXFileReference; explicitFileType = wrapper.framework; includeInIndex = 0; path = ArenaShareSDK.framework; sourceTree = BUILT_PRODUCTS_DIR; };
		63BF3E1E1FA08B5000C9E054 /* ArenaShareSDK.h */ = {isa = PBXFileReference; lastKnownFileType = sourcecode.c.h; path = ArenaShareSDK.h; sourceTree = "<group>"; };
		63BF3E1F1FA08B5000C9E054 /* Info.plist */ = {isa = PBXFileReference; lastKnownFileType = text.plist.xml; path = Info.plist; sourceTree = "<group>"; };
		63BF3E241FA08B5000C9E054 /* ArenaShareSDKTests.xctest */ = {isa = PBXFileReference; explicitFileType = wrapper.cfbundle; includeInIndex = 0; path = ArenaShareSDKTests.xctest; sourceTree = BUILT_PRODUCTS_DIR; };
		63BF3E291FA08B5000C9E054 /* ArenaShareSDKTests.m */ = {isa = PBXFileReference; lastKnownFileType = sourcecode.c.objc; path = ArenaShareSDKTests.m; sourceTree = "<group>"; };
		63BF3E2B1FA08B5000C9E054 /* Info.plist */ = {isa = PBXFileReference; lastKnownFileType = text.plist.xml; path = Info.plist; sourceTree = "<group>"; };
		63BF3E531FA08DB300C9E054 /* libsqlite3.tbd */ = {isa = PBXFileReference; lastKnownFileType = "sourcecode.text-based-dylib-definition"; name = libsqlite3.tbd; path = usr/lib/libsqlite3.tbd; sourceTree = SDKROOT; };
		63BF3E551FA08DBB00C9E054 /* CoreGraphics.framework */ = {isa = PBXFileReference; lastKnownFileType = wrapper.framework; name = CoreGraphics.framework; path = System/Library/Frameworks/CoreGraphics.framework; sourceTree = SDKROOT; };
		63BF3E571FA08DC700C9E054 /* SystemConfiguration.framework */ = {isa = PBXFileReference; lastKnownFileType = wrapper.framework; name = SystemConfiguration.framework; path = System/Library/Frameworks/SystemConfiguration.framework; sourceTree = SDKROOT; };
		63BF3E591FA08DD100C9E054 /* CoreTelephony.framework */ = {isa = PBXFileReference; lastKnownFileType = wrapper.framework; name = CoreTelephony.framework; path = System/Library/Frameworks/CoreTelephony.framework; sourceTree = SDKROOT; };
		63BF3E5B1FA08DF000C9E054 /* libc++.tbd */ = {isa = PBXFileReference; lastKnownFileType = "sourcecode.text-based-dylib-definition"; name = "libc++.tbd"; path = "usr/lib/libc++.tbd"; sourceTree = SDKROOT; };
		63BF3E5D1FA08DF800C9E054 /* libz.tbd */ = {isa = PBXFileReference; lastKnownFileType = "sourcecode.text-based-dylib-definition"; name = libz.tbd; path = usr/lib/libz.tbd; sourceTree = SDKROOT; };
		63BF3E5F1FA08E2000C9E054 /* Share.h */ = {isa = PBXFileReference; lastKnownFileType = sourcecode.c.h; path = Share.h; sourceTree = "<group>"; };
		63BF3E601FA08E2000C9E054 /* Share.m */ = {isa = PBXFileReference; lastKnownFileType = sourcecode.c.objc; path = Share.m; sourceTree = "<group>"; };
		63BF3E661FA08E7700C9E054 /* libSocialQQ.a */ = {isa = PBXFileReference; lastKnownFileType = archive.ar; path = libSocialQQ.a; sourceTree = "<group>"; };
		63BF3E681FA08E7700C9E054 /* TencentOpenAPI.framework */ = {isa = PBXFileReference; lastKnownFileType = wrapper.framework; path = TencentOpenAPI.framework; sourceTree = "<group>"; };
		63BF3E691FA08E7700C9E054 /* TencentOpenApi_IOS_Bundle.bundle */ = {isa = PBXFileReference; lastKnownFileType = "wrapper.plug-in"; path = TencentOpenApi_IOS_Bundle.bundle; sourceTree = "<group>"; };
		63BF3E6A1FA08E7700C9E054 /* UMSocialQQHandler.h */ = {isa = PBXFileReference; fileEncoding = 4; lastKnownFileType = sourcecode.c.h; path = UMSocialQQHandler.h; sourceTree = "<group>"; };
		63BF3E6C1FA08E7700C9E054 /* libSocialUniqueId.a */ = {isa = PBXFileReference; lastKnownFileType = archive.ar; path = libSocialUniqueId.a; sourceTree = "<group>"; };
		63BF3E6D1FA08E7700C9E054 /* UMSocialUniqueIdHandler.h */ = {isa = PBXFileReference; fileEncoding = 4; lastKnownFileType = sourcecode.c.h; path = UMSocialUniqueIdHandler.h; sourceTree = "<group>"; };
		63BF3E6F1FA08E7700C9E054 /* libSocialWeChat.a */ = {isa = PBXFileReference; lastKnownFileType = archive.ar; path = libSocialWeChat.a; sourceTree = "<group>"; };
		63BF3E701FA08E7700C9E054 /* UMSocialWechatHandler.h */ = {isa = PBXFileReference; fileEncoding = 4; lastKnownFileType = sourcecode.c.h; path = UMSocialWechatHandler.h; sourceTree = "<group>"; };
		63BF3E721FA08E7700C9E054 /* libWeChatSDK.a */ = {isa = PBXFileReference; lastKnownFileType = archive.ar; path = libWeChatSDK.a; sourceTree = "<group>"; };
		63BF3E731FA08E7700C9E054 /* README.txt */ = {isa = PBXFileReference; fileEncoding = 4; lastKnownFileType = text; path = README.txt; sourceTree = "<group>"; };
		63BF3E741FA08E7700C9E054 /* WechatAuthSDK.h */ = {isa = PBXFileReference; fileEncoding = 4; lastKnownFileType = sourcecode.c.h; path = WechatAuthSDK.h; sourceTree = "<group>"; };
		63BF3E751FA08E7700C9E054 /* WXApi.h */ = {isa = PBXFileReference; fileEncoding = 4; lastKnownFileType = sourcecode.c.h; path = WXApi.h; sourceTree = "<group>"; };
		63BF3E761FA08E7700C9E054 /* WXApiObject.h */ = {isa = PBXFileReference; fileEncoding = 4; lastKnownFileType = sourcecode.c.h; path = WXApiObject.h; sourceTree = "<group>"; };
		63BF3E781FA08E7700C9E054 /* UMSocialCore.framework */ = {isa = PBXFileReference; lastKnownFileType = wrapper.framework; path = UMSocialCore.framework; sourceTree = "<group>"; };
		63BF3E791FA08E7700C9E054 /* UMSocialNetwork.framework */ = {isa = PBXFileReference; lastKnownFileType = wrapper.framework; path = UMSocialNetwork.framework; sourceTree = "<group>"; };
		63BF3E7A1FA08E7700C9E054 /* UMSocialSDKPromptResources.bundle */ = {isa = PBXFileReference; lastKnownFileType = "wrapper.plug-in"; path = UMSocialSDKPromptResources.bundle; sourceTree = "<group>"; };
		63BF3E7C1FA08E7700C9E054 /* libUMSocialLog.a */ = {isa = PBXFileReference; lastKnownFileType = archive.ar; path = libUMSocialLog.a; sourceTree = "<group>"; };
		63BF3E7E1FA08E7700C9E054 /* UMSocialSDKResources.bundle */ = {isa = PBXFileReference; lastKnownFileType = "wrapper.plug-in"; path = UMSocialSDKResources.bundle; sourceTree = "<group>"; };
		63BF3E7F1FA08E7700C9E054 /* UShareUI.framework */ = {isa = PBXFileReference; lastKnownFileType = wrapper.framework; path = UShareUI.framework; sourceTree = "<group>"; };
		63BF3E9F1FA0975000C9E054 /* UIViewController+CurrentViewController.h */ = {isa = PBXFileReference; lastKnownFileType = sourcecode.c.h; path = "UIViewController+CurrentViewController.h"; sourceTree = "<group>"; };
		63BF3EA01FA0975000C9E054 /* UIViewController+CurrentViewController.m */ = {isa = PBXFileReference; lastKnownFileType = sourcecode.c.objc; path = "UIViewController+CurrentViewController.m"; sourceTree = "<group>"; };
/* End PBXFileReference section */

/* Begin PBXFrameworksBuildPhase section */
		63BF3E171FA08B5000C9E054 /* Frameworks */ = {
			isa = PBXFrameworksBuildPhase;
			buildActionMask = 2147483647;
			files = (
				63BF3E5E1FA08DF800C9E054 /* libz.tbd in Frameworks */,
				63BF3E8E1FA08E7700C9E054 /* UMSocialNetwork.framework in Frameworks */,
				63BF3E841FA08E7700C9E054 /* libSocialUniqueId.a in Frameworks */,
				63BF3E811FA08E7700C9E054 /* TencentOpenAPI.framework in Frameworks */,
				63BF3E5C1FA08DF000C9E054 /* libc++.tbd in Frameworks */,
				63BF3E8D1FA08E7700C9E054 /* UMSocialCore.framework in Frameworks */,
				63BF3E541FA08DB300C9E054 /* libsqlite3.tbd in Frameworks */,
				63BF3E881FA08E7700C9E054 /* libWeChatSDK.a in Frameworks */,
				63BF3E5A1FA08DD100C9E054 /* CoreTelephony.framework in Frameworks */,
				63BF3E861FA08E7700C9E054 /* libSocialWeChat.a in Frameworks */,
				63BF3E581FA08DC700C9E054 /* SystemConfiguration.framework in Frameworks */,
				63BF3E901FA08E7700C9E054 /* libUMSocialLog.a in Frameworks */,
				63BF3E801FA08E7700C9E054 /* libSocialQQ.a in Frameworks */,
				63BF3E561FA08DBB00C9E054 /* CoreGraphics.framework in Frameworks */,
				63BF3E921FA08E7700C9E054 /* UShareUI.framework in Frameworks */,
			);
			runOnlyForDeploymentPostprocessing = 0;
		};
		63BF3E211FA08B5000C9E054 /* Frameworks */ = {
			isa = PBXFrameworksBuildPhase;
			buildActionMask = 2147483647;
			files = (
				63BF3E251FA08B5000C9E054 /* ArenaShareSDK.framework in Frameworks */,
			);
			runOnlyForDeploymentPostprocessing = 0;
		};
/* End PBXFrameworksBuildPhase section */

/* Begin PBXGroup section */
		63BF3E111FA08B4F00C9E054 = {
			isa = PBXGroup;
			children = (
				63BF3E1D1FA08B5000C9E054 /* ArenaShareSDK */,
				63BF3E281FA08B5000C9E054 /* ArenaShareSDKTests */,
				63BF3E1C1FA08B5000C9E054 /* Products */,
				63BF3E521FA08DB300C9E054 /* Frameworks */,
			);
			sourceTree = "<group>";
		};
		63BF3E1C1FA08B5000C9E054 /* Products */ = {
			isa = PBXGroup;
			children = (
				63BF3E1B1FA08B5000C9E054 /* ArenaShareSDK.framework */,
				63BF3E241FA08B5000C9E054 /* ArenaShareSDKTests.xctest */,
			);
			name = Products;
			sourceTree = "<group>";
		};
		63BF3E1D1FA08B5000C9E054 /* ArenaShareSDK */ = {
			isa = PBXGroup;
			children = (
				63BF3E631FA08E7700C9E054 /* UMSocial */,
				63BF3E1E1FA08B5000C9E054 /* ArenaShareSDK.h */,
				63BF3E1F1FA08B5000C9E054 /* Info.plist */,
				63BF3E5F1FA08E2000C9E054 /* Share.h */,
				63BF3E601FA08E2000C9E054 /* Share.m */,
				63BF3E9F1FA0975000C9E054 /* UIViewController+CurrentViewController.h */,
				63BF3EA01FA0975000C9E054 /* UIViewController+CurrentViewController.m */,
			);
			path = ArenaShareSDK;
			sourceTree = "<group>";
		};
		63BF3E281FA08B5000C9E054 /* ArenaShareSDKTests */ = {
			isa = PBXGroup;
			children = (
				63BF3E291FA08B5000C9E054 /* ArenaShareSDKTests.m */,
				63BF3E2B1FA08B5000C9E054 /* Info.plist */,
			);
			path = ArenaShareSDKTests;
			sourceTree = "<group>";
		};
		63BF3E521FA08DB300C9E054 /* Frameworks */ = {
			isa = PBXGroup;
			children = (
				63BF3E5D1FA08DF800C9E054 /* libz.tbd */,
				63BF3E5B1FA08DF000C9E054 /* libc++.tbd */,
				63BF3E591FA08DD100C9E054 /* CoreTelephony.framework */,
				63BF3E571FA08DC700C9E054 /* SystemConfiguration.framework */,
				63BF3E551FA08DBB00C9E054 /* CoreGraphics.framework */,
				63BF3E531FA08DB300C9E054 /* libsqlite3.tbd */,
			);
			name = Frameworks;
			sourceTree = "<group>";
		};
		63BF3E631FA08E7700C9E054 /* UMSocial */ = {
			isa = PBXGroup;
			children = (
				63BF3E641FA08E7700C9E054 /* SocialLibraries */,
				63BF3E771FA08E7700C9E054 /* UMSocialSDK */,
				63BF3E7B1FA08E7700C9E054 /* UMSocialSDKPlugin */,
				63BF3E7D1FA08E7700C9E054 /* UMSocialUI */,
			);
			path = UMSocial;
			sourceTree = "<group>";
		};
		63BF3E641FA08E7700C9E054 /* SocialLibraries */ = {
			isa = PBXGroup;
			children = (
				63BF3E651FA08E7700C9E054 /* QQ */,
				63BF3E6B1FA08E7700C9E054 /* UniqueId */,
				63BF3E6E1FA08E7700C9E054 /* WeChat */,
			);
			path = SocialLibraries;
			sourceTree = "<group>";
		};
		63BF3E651FA08E7700C9E054 /* QQ */ = {
			isa = PBXGroup;
			children = (
				63BF3E661FA08E7700C9E054 /* libSocialQQ.a */,
				63BF3E671FA08E7700C9E054 /* QQSDK */,
				63BF3E6A1FA08E7700C9E054 /* UMSocialQQHandler.h */,
			);
			path = QQ;
			sourceTree = "<group>";
		};
		63BF3E671FA08E7700C9E054 /* QQSDK */ = {
			isa = PBXGroup;
			children = (
				63BF3E681FA08E7700C9E054 /* TencentOpenAPI.framework */,
				63BF3E691FA08E7700C9E054 /* TencentOpenApi_IOS_Bundle.bundle */,
			);
			path = QQSDK;
			sourceTree = "<group>";
		};
		63BF3E6B1FA08E7700C9E054 /* UniqueId */ = {
			isa = PBXGroup;
			children = (
				63BF3E6C1FA08E7700C9E054 /* libSocialUniqueId.a */,
				63BF3E6D1FA08E7700C9E054 /* UMSocialUniqueIdHandler.h */,
			);
			path = UniqueId;
			sourceTree = "<group>";
		};
		63BF3E6E1FA08E7700C9E054 /* WeChat */ = {
			isa = PBXGroup;
			children = (
				63BF3E6F1FA08E7700C9E054 /* libSocialWeChat.a */,
				63BF3E701FA08E7700C9E054 /* UMSocialWechatHandler.h */,
				63BF3E711FA08E7700C9E054 /* WechatSDK */,
			);
			path = WeChat;
			sourceTree = "<group>";
		};
		63BF3E711FA08E7700C9E054 /* WechatSDK */ = {
			isa = PBXGroup;
			children = (
				63BF3E721FA08E7700C9E054 /* libWeChatSDK.a */,
				63BF3E731FA08E7700C9E054 /* README.txt */,
				63BF3E741FA08E7700C9E054 /* WechatAuthSDK.h */,
				63BF3E751FA08E7700C9E054 /* WXApi.h */,
				63BF3E761FA08E7700C9E054 /* WXApiObject.h */,
			);
			path = WechatSDK;
			sourceTree = "<group>";
		};
		63BF3E771FA08E7700C9E054 /* UMSocialSDK */ = {
			isa = PBXGroup;
			children = (
				63BF3E781FA08E7700C9E054 /* UMSocialCore.framework */,
				63BF3E791FA08E7700C9E054 /* UMSocialNetwork.framework */,
				63BF3E7A1FA08E7700C9E054 /* UMSocialSDKPromptResources.bundle */,
			);
			path = UMSocialSDK;
			sourceTree = "<group>";
		};
		63BF3E7B1FA08E7700C9E054 /* UMSocialSDKPlugin */ = {
			isa = PBXGroup;
			children = (
				63BF3E7C1FA08E7700C9E054 /* libUMSocialLog.a */,
			);
			path = UMSocialSDKPlugin;
			sourceTree = "<group>";
		};
		63BF3E7D1FA08E7700C9E054 /* UMSocialUI */ = {
			isa = PBXGroup;
			children = (
				63BF3E7E1FA08E7700C9E054 /* UMSocialSDKResources.bundle */,
				63BF3E7F1FA08E7700C9E054 /* UShareUI.framework */,
			);
			path = UMSocialUI;
			sourceTree = "<group>";
		};
/* End PBXGroup section */

/* Begin PBXHeadersBuildPhase section */
		63BF3E181FA08B5000C9E054 /* Headers */ = {
			isa = PBXHeadersBuildPhase;
			buildActionMask = 2147483647;
			files = (
				63BF3E611FA08E2000C9E054 /* Share.h in Headers */,
				63BF3E871FA08E7700C9E054 /* UMSocialWechatHandler.h in Headers */,
				63BF3E8B1FA08E7700C9E054 /* WXApi.h in Headers */,
				63BF3E8C1FA08E7700C9E054 /* WXApiObject.h in Headers */,
				63BF3E2C1FA08B5000C9E054 /* ArenaShareSDK.h in Headers */,
				63BF3E851FA08E7700C9E054 /* UMSocialUniqueIdHandler.h in Headers */,
				63BF3EA11FA0975000C9E054 /* UIViewController+CurrentViewController.h in Headers */,
				63BF3E831FA08E7700C9E054 /* UMSocialQQHandler.h in Headers */,
				63BF3E8A1FA08E7700C9E054 /* WechatAuthSDK.h in Headers */,
			);
			runOnlyForDeploymentPostprocessing = 0;
		};
/* End PBXHeadersBuildPhase section */

/* Begin PBXNativeTarget section */
		63BF3E1A1FA08B5000C9E054 /* ArenaShareSDK */ = {
			isa = PBXNativeTarget;
			buildConfigurationList = 63BF3E2F1FA08B5000C9E054 /* Build configuration list for PBXNativeTarget "ArenaShareSDK" */;
			buildPhases = (
				63BF3E161FA08B5000C9E054 /* Sources */,
				63BF3E171FA08B5000C9E054 /* Frameworks */,
				63BF3E181FA08B5000C9E054 /* Headers */,
				63BF3E191FA08B5000C9E054 /* Resources */,
			);
			buildRules = (
			);
			dependencies = (
			);
			name = ArenaShareSDK;
			productName = ArenaShareSDK;
			productReference = 63BF3E1B1FA08B5000C9E054 /* ArenaShareSDK.framework */;
			productType = "com.apple.product-type.framework";
		};
		63BF3E231FA08B5000C9E054 /* ArenaShareSDKTests */ = {
			isa = PBXNativeTarget;
			buildConfigurationList = 63BF3E321FA08B5000C9E054 /* Build configuration list for PBXNativeTarget "ArenaShareSDKTests" */;
			buildPhases = (
				63BF3E201FA08B5000C9E054 /* Sources */,
				63BF3E211FA08B5000C9E054 /* Frameworks */,
				63BF3E221FA08B5000C9E054 /* Resources */,
			);
			buildRules = (
			);
			dependencies = (
				63BF3E271FA08B5000C9E054 /* PBXTargetDependency */,
			);
			name = ArenaShareSDKTests;
			productName = ArenaShareSDKTests;
			productReference = 63BF3E241FA08B5000C9E054 /* ArenaShareSDKTests.xctest */;
			productType = "com.apple.product-type.bundle.unit-test";
		};
/* End PBXNativeTarget section */

/* Begin PBXProject section */
		63BF3E121FA08B4F00C9E054 /* Project object */ = {
			isa = PBXProject;
			attributes = {
				LastUpgradeCheck = 0900;
				ORGANIZATIONNAME = "张琳";
				TargetAttributes = {
					63BF3E1A1FA08B5000C9E054 = {
						CreatedOnToolsVersion = 9.0;
						ProvisioningStyle = Automatic;
					};
					63BF3E231FA08B5000C9E054 = {
						CreatedOnToolsVersion = 9.0;
						ProvisioningStyle = Automatic;
					};
				};
			};
			buildConfigurationList = 63BF3E151FA08B4F00C9E054 /* Build configuration list for PBXProject "ArenaShareSDK" */;
			compatibilityVersion = "Xcode 8.0";
			developmentRegion = en;
			hasScannedForEncodings = 0;
			knownRegions = (
				en,
			);
			mainGroup = 63BF3E111FA08B4F00C9E054;
			productRefGroup = 63BF3E1C1FA08B5000C9E054 /* Products */;
			projectDirPath = "";
			projectRoot = "";
			targets = (
				63BF3E1A1FA08B5000C9E054 /* ArenaShareSDK */,
				63BF3E231FA08B5000C9E054 /* ArenaShareSDKTests */,
			);
		};
/* End PBXProject section */

/* Begin PBXResourcesBuildPhase section */
		63BF3E191FA08B5000C9E054 /* Resources */ = {
			isa = PBXResourcesBuildPhase;
			buildActionMask = 2147483647;
			files = (
				63BF3E891FA08E7700C9E054 /* README.txt in Resources */,
				63BF3E911FA08E7700C9E054 /* UMSocialSDKResources.bundle in Resources */,
				63BF3E8F1FA08E7700C9E054 /* UMSocialSDKPromptResources.bundle in Resources */,
				63BF3E821FA08E7700C9E054 /* TencentOpenApi_IOS_Bundle.bundle in Resources */,
			);
			runOnlyForDeploymentPostprocessing = 0;
		};
		63BF3E221FA08B5000C9E054 /* Resources */ = {
			isa = PBXResourcesBuildPhase;
			buildActionMask = 2147483647;
			files = (
			);
			runOnlyForDeploymentPostprocessing = 0;
		};
/* End PBXResourcesBuildPhase section */

/* Begin PBXSourcesBuildPhase section */
		63BF3E161FA08B5000C9E054 /* Sources */ = {
			isa = PBXSourcesBuildPhase;
			buildActionMask = 2147483647;
			files = (
				63BF3E621FA08E2000C9E054 /* Share.m in Sources */,
				63BF3EA21FA0975000C9E054 /* UIViewController+CurrentViewController.m in Sources */,
			);
			runOnlyForDeploymentPostprocessing = 0;
		};
		63BF3E201FA08B5000C9E054 /* Sources */ = {
			isa = PBXSourcesBuildPhase;
			buildActionMask = 2147483647;
			files = (
				63BF3E2A1FA08B5000C9E054 /* ArenaShareSDKTests.m in Sources */,
			);
			runOnlyForDeploymentPostprocessing = 0;
		};
/* End PBXSourcesBuildPhase section */

/* Begin PBXTargetDependency section */
		63BF3E271FA08B5000C9E054 /* PBXTargetDependency */ = {
			isa = PBXTargetDependency;
			target = 63BF3E1A1FA08B5000C9E054 /* ArenaShareSDK */;
			targetProxy = 63BF3E261FA08B5000C9E054 /* PBXContainerItemProxy */;
		};
/* End PBXTargetDependency section */

/* Begin XCBuildConfiguration section */
		63BF3E2D1FA08B5000C9E054 /* Debug */ = {
			isa = XCBuildConfiguration;
			buildSettings = {
				ALWAYS_SEARCH_USER_PATHS = NO;
				CLANG_ANALYZER_NONNULL = YES;
				CLANG_ANALYZER_NUMBER_OBJECT_CONVERSION = YES_AGGRESSIVE;
				CLANG_CXX_LANGUAGE_STANDARD = "gnu++14";
				CLANG_CXX_LIBRARY = "libc++";
				CLANG_ENABLE_MODULES = YES;
				CLANG_ENABLE_OBJC_ARC = YES;
				CLANG_WARN_BLOCK_CAPTURE_AUTORELEASING = YES;
				CLANG_WARN_BOOL_CONVERSION = YES;
				CLANG_WARN_COMMA = YES;
				CLANG_WARN_CONSTANT_CONVERSION = YES;
				CLANG_WARN_DIRECT_OBJC_ISA_USAGE = YES_ERROR;
				CLANG_WARN_DOCUMENTATION_COMMENTS = YES;
				CLANG_WARN_EMPTY_BODY = YES;
				CLANG_WARN_ENUM_CONVERSION = YES;
				CLANG_WARN_INFINITE_RECURSION = YES;
				CLANG_WARN_INT_CONVERSION = YES;
				CLANG_WARN_NON_LITERAL_NULL_CONVERSION = YES;
				CLANG_WARN_OBJC_LITERAL_CONVERSION = YES;
				CLANG_WARN_OBJC_ROOT_CLASS = YES_ERROR;
				CLANG_WARN_RANGE_LOOP_ANALYSIS = YES;
				CLANG_WARN_STRICT_PROTOTYPES = YES;
				CLANG_WARN_SUSPICIOUS_MOVE = YES;
				CLANG_WARN_UNGUARDED_AVAILABILITY = YES_AGGRESSIVE;
				CLANG_WARN_UNREACHABLE_CODE = YES;
				CLANG_WARN__DUPLICATE_METHOD_MATCH = YES;
				CODE_SIGN_IDENTITY = "iPhone Developer";
				COPY_PHASE_STRIP = NO;
				CURRENT_PROJECT_VERSION = 1;
				DEBUG_INFORMATION_FORMAT = dwarf;
				ENABLE_STRICT_OBJC_MSGSEND = YES;
				ENABLE_TESTABILITY = YES;
				GCC_C_LANGUAGE_STANDARD = gnu11;
				GCC_DYNAMIC_NO_PIC = NO;
				GCC_NO_COMMON_BLOCKS = YES;
				GCC_OPTIMIZATION_LEVEL = 0;
				GCC_PREPROCESSOR_DEFINITIONS = (
					"DEBUG=1",
					"$(inherited)",
				);
				GCC_WARN_64_TO_32_BIT_CONVERSION = YES;
				GCC_WARN_ABOUT_RETURN_TYPE = YES_ERROR;
				GCC_WARN_UNDECLARED_SELECTOR = YES;
				GCC_WARN_UNINITIALIZED_AUTOS = YES_AGGRESSIVE;
				GCC_WARN_UNUSED_FUNCTION = YES;
				GCC_WARN_UNUSED_VARIABLE = YES;
				IPHONEOS_DEPLOYMENT_TARGET = 8.0;
				MTL_ENABLE_DEBUG_INFO = YES;
				ONLY_ACTIVE_ARCH = YES;
				OTHER_LDFLAGS = "-objC";
				SDKROOT = iphoneos;
				VERSIONING_SYSTEM = "apple-generic";
				VERSION_INFO_PREFIX = "";
			};
			name = Debug;
		};
		63BF3E2E1FA08B5000C9E054 /* Release */ = {
			isa = XCBuildConfiguration;
			buildSettings = {
				ALWAYS_SEARCH_USER_PATHS = NO;
				CLANG_ANALYZER_NONNULL = YES;
				CLANG_ANALYZER_NUMBER_OBJECT_CONVERSION = YES_AGGRESSIVE;
				CLANG_CXX_LANGUAGE_STANDARD = "gnu++14";
				CLANG_CXX_LIBRARY = "libc++";
				CLANG_ENABLE_MODULES = YES;
				CLANG_ENABLE_OBJC_ARC = YES;
				CLANG_WARN_BLOCK_CAPTURE_AUTORELEASING = YES;
				CLANG_WARN_BOOL_CONVERSION = YES;
				CLANG_WARN_COMMA = YES;
				CLANG_WARN_CONSTANT_CONVERSION = YES;
				CLANG_WARN_DIRECT_OBJC_ISA_USAGE = YES_ERROR;
				CLANG_WARN_DOCUMENTATION_COMMENTS = YES;
				CLANG_WARN_EMPTY_BODY = YES;
				CLANG_WARN_ENUM_CONVERSION = YES;
				CLANG_WARN_INFINITE_RECURSION = YES;
				CLANG_WARN_INT_CONVERSION = YES;
				CLANG_WARN_NON_LITERAL_NULL_CONVERSION = YES;
				CLANG_WARN_OBJC_LITERAL_CONVERSION = YES;
				CLANG_WARN_OBJC_ROOT_CLASS = YES_ERROR;
				CLANG_WARN_RANGE_LOOP_ANALYSIS = YES;
				CLANG_WARN_STRICT_PROTOTYPES = YES;
				CLANG_WARN_SUSPICIOUS_MOVE = YES;
				CLANG_WARN_UNGUARDED_AVAILABILITY = YES_AGGRESSIVE;
				CLANG_WARN_UNREACHABLE_CODE = YES;
				CLANG_WARN__DUPLICATE_METHOD_MATCH = YES;
				CODE_SIGN_IDENTITY = "iPhone Developer";
				COPY_PHASE_STRIP = NO;
				CURRENT_PROJECT_VERSION = 1;
				DEBUG_INFORMATION_FORMAT = "dwarf-with-dsym";
				ENABLE_NS_ASSERTIONS = NO;
				ENABLE_STRICT_OBJC_MSGSEND = YES;
				GCC_C_LANGUAGE_STANDARD = gnu11;
				GCC_NO_COMMON_BLOCKS = YES;
				GCC_WARN_64_TO_32_BIT_CONVERSION = YES;
				GCC_WARN_ABOUT_RETURN_TYPE = YES_ERROR;
				GCC_WARN_UNDECLARED_SELECTOR = YES;
				GCC_WARN_UNINITIALIZED_AUTOS = YES_AGGRESSIVE;
				GCC_WARN_UNUSED_FUNCTION = YES;
				GCC_WARN_UNUSED_VARIABLE = YES;
				IPHONEOS_DEPLOYMENT_TARGET = 8.0;
				MTL_ENABLE_DEBUG_INFO = NO;
				OTHER_LDFLAGS = "-objC";
				SDKROOT = iphoneos;
				VALIDATE_PRODUCT = YES;
				VERSIONING_SYSTEM = "apple-generic";
				VERSION_INFO_PREFIX = "";
			};
			name = Release;
		};
		63BF3E301FA08B5000C9E054 /* Debug */ = {
			isa = XCBuildConfiguration;
			buildSettings = {
				CODE_SIGN_IDENTITY = "";
				CODE_SIGN_STYLE = Automatic;
				DEFINES_MODULE = YES;
				DEVELOPMENT_TEAM = 26429T4LED;
				DYLIB_COMPATIBILITY_VERSION = 1;
				DYLIB_CURRENT_VERSION = 1;
				DYLIB_INSTALL_NAME_BASE = "@rpath";
				FRAMEWORK_SEARCH_PATHS = (
					"$(inherited)",
					"$(PROJECT_DIR)/ArenaShareSDK/UMSocial/SocialLibraries/QQ/QQSDK",
					"$(PROJECT_DIR)/ArenaShareSDK/UMSocial/UMSocialSDK",
					"$(PROJECT_DIR)/ArenaShareSDK/UMSocial/UMSocialUI",
				);
				INFOPLIST_FILE = ArenaShareSDK/Info.plist;
				INSTALL_PATH = "$(LOCAL_LIBRARY_DIR)/Frameworks";
				LD_RUNPATH_SEARCH_PATHS = "$(inherited) @executable_path/Frameworks @loader_path/Frameworks";
				LIBRARY_SEARCH_PATHS = (
					"$(inherited)",
					"$(PROJECT_DIR)/ArenaShareSDK/UMSocial/SocialLibraries/QQ",
					"$(PROJECT_DIR)/ArenaShareSDK/UMSocial/SocialLibraries/UniqueId",
					"$(PROJECT_DIR)/ArenaShareSDK/UMSocial/SocialLibraries/WeChat",
					"$(PROJECT_DIR)/ArenaShareSDK/UMSocial/SocialLibraries/WeChat/WechatSDK",
					"$(PROJECT_DIR)/ArenaShareSDK/UMSocial/UMSocialSDKPlugin",
				);
				MACH_O_TYPE = mh_dylib;
				OTHER_LDFLAGS = "-objC";
				PRODUCT_BUNDLE_IDENTIFIER = com.zhanglin.ArenaShareSDK;
				PRODUCT_NAME = "$(TARGET_NAME:c99extidentifier)";
				SKIP_INSTALL = YES;
				TARGETED_DEVICE_FAMILY = 1;
			};
			name = Debug;
		};
		63BF3E311FA08B5000C9E054 /* Release */ = {
			isa = XCBuildConfiguration;
			buildSettings = {
				CODE_SIGN_IDENTITY = "";
				CODE_SIGN_STYLE = Automatic;
				DEFINES_MODULE = YES;
				DEVELOPMENT_TEAM = 26429T4LED;
				DYLIB_COMPATIBILITY_VERSION = 1;
				DYLIB_CURRENT_VERSION = 1;
				DYLIB_INSTALL_NAME_BASE = "@rpath";
				FRAMEWORK_SEARCH_PATHS = (
					"$(inherited)",
					"$(PROJECT_DIR)/ArenaShareSDK/UMSocial/SocialLibraries/QQ/QQSDK",
					"$(PROJECT_DIR)/ArenaShareSDK/UMSocial/UMSocialSDK",
					"$(PROJECT_DIR)/ArenaShareSDK/UMSocial/UMSocialUI",
				);
				INFOPLIST_FILE = ArenaShareSDK/Info.plist;
				INSTALL_PATH = "$(LOCAL_LIBRARY_DIR)/Frameworks";
				LD_RUNPATH_SEARCH_PATHS = "$(inherited) @executable_path/Frameworks @loader_path/Frameworks";
				LIBRARY_SEARCH_PATHS = (
					"$(inherited)",
					"$(PROJECT_DIR)/ArenaShareSDK/UMSocial/SocialLibraries/QQ",
					"$(PROJECT_DIR)/ArenaShareSDK/UMSocial/SocialLibraries/UniqueId",
					"$(PROJECT_DIR)/ArenaShareSDK/UMSocial/SocialLibraries/WeChat",
					"$(PROJECT_DIR)/ArenaShareSDK/UMSocial/SocialLibraries/WeChat/WechatSDK",
					"$(PROJECT_DIR)/ArenaShareSDK/UMSocial/UMSocialSDKPlugin",
				);
				MACH_O_TYPE = mh_dylib;
				OTHER_LDFLAGS = "-objC";
				PRODUCT_BUNDLE_IDENTIFIER = com.zhanglin.ArenaShareSDK;
				PRODUCT_NAME = "$(TARGET_NAME:c99extidentifier)";
				SKIP_INSTALL = YES;
				TARGETED_DEVICE_FAMILY = 1;
			};
			name = Release;
		};
		63BF3E331FA08B5000C9E054 /* Debug */ = {
			isa = XCBuildConfiguration;
			buildSettings = {
				CODE_SIGN_STYLE = Automatic;
				DEVELOPMENT_TEAM = 26429T4LED;
				INFOPLIST_FILE = ArenaShareSDKTests/Info.plist;
				LD_RUNPATH_SEARCH_PATHS = "$(inherited) @executable_path/Frameworks @loader_path/Frameworks";
				PRODUCT_BUNDLE_IDENTIFIER = com.zhanglin.ArenaShareSDKTests;
				PRODUCT_NAME = "$(TARGET_NAME)";
				TARGETED_DEVICE_FAMILY = "1,2";
			};
			name = Debug;
		};
		63BF3E341FA08B5000C9E054 /* Release */ = {
			isa = XCBuildConfiguration;
			buildSettings = {
				CODE_SIGN_STYLE = Automatic;
				DEVELOPMENT_TEAM = 26429T4LED;
				INFOPLIST_FILE = ArenaShareSDKTests/Info.plist;
				LD_RUNPATH_SEARCH_PATHS = "$(inherited) @executable_path/Frameworks @loader_path/Frameworks";
				PRODUCT_BUNDLE_IDENTIFIER = com.zhanglin.ArenaShareSDKTests;
				PRODUCT_NAME = "$(TARGET_NAME)";
				TARGETED_DEVICE_FAMILY = "1,2";
			};
			name = Release;
		};
/* End XCBuildConfiguration section */

/* Begin XCConfigurationList section */
		63BF3E151FA08B4F00C9E054 /* Build configuration list for PBXProject "ArenaShareSDK" */ = {
			isa = XCConfigurationList;
			buildConfigurations = (
				63BF3E2D1FA08B5000C9E054 /* Debug */,
				63BF3E2E1FA08B5000C9E054 /* Release */,
			);
			defaultConfigurationIsVisible = 0;
			defaultConfigurationName = Release;
		};
		63BF3E2F1FA08B5000C9E054 /* Build configuration list for PBXNativeTarget "ArenaShareSDK" */ = {
			isa = XCConfigurationList;
			buildConfigurations = (
				63BF3E301FA08B5000C9E054 /* Debug */,
				63BF3E311FA08B5000C9E054 /* Release */,
			);
			defaultConfigurationIsVisible = 0;
			defaultConfigurationName = Release;
		};
		63BF3E321FA08B5000C9E054 /* Build configuration list for PBXNativeTarget "ArenaShareSDKTests" */ = {
			isa = XCConfigurationList;
			buildConfigurations = (
				63BF3E331FA08B5000C9E054 /* Debug */,
				63BF3E341FA08B5000C9E054 /* Release */,
			);
			defaultConfigurationIsVisible = 0;
			defaultConfigurationName = Release;
		};
/* End XCConfigurationList section */
	};
	rootObject = 63BF3E121FA08B4F00C9E054 /* Project object */;
}
